
Microsoft Visual Studio Solution File, Format Version 12.00
# Visual Studio Version 17
VisualStudioVersion = 17.13.35825.156 d17.13
MinimumVisualStudioVersion = 10.0.40219.1
Project("{FAE04EC0-301F-11D3-BF4B-00C04F79EFBC}") = "Bazy danych", "Bazy danych\Bazy danych.csproj", "{5E124643-6797-46BD-838D-2F665D821ADA}"
EndProject
Global
	GlobalSection(SolutionConfigurationPlatforms) = preSolution
		Debug|Any CPU = Debug|Any CPU
		Release|Any CPU = Release|Any CPU
	EndGlobalSection
	GlobalSection(ProjectConfigurationPlatforms) = postSolution
		{5E124643-6797-46BD-838D-2F665D821ADA}.Debug|Any CPU.ActiveCfg = Debug|Any CPU
		{5E124643-6797-46BD-838D-2F665D821ADA}.Debug|Any CPU.Build.0 = Debug|Any CPU
		{5E124643-6797-46BD-838D-2F665D821ADA}.Release|Any CPU.ActiveCfg = Release|Any CPU
		{5E124643-6797-46BD-838D-2F665D821ADA}.Release|Any CPU.Build.0 = Release|Any CPU
	EndGlobalSection
	GlobalSection(SolutionProperties) = preSolution
		HideSolutionNode = FALSE
	EndGlobalSection
	GlobalSection(ExtensibilityGlobals) = postSolution
		SolutionGuid = {D0BBCAD8-5BDC-4298-BBAF-091CAD09825E}
	EndGlobalSection
EndGlobal
